
Microsoft Visual Studio Solution File, Format Version 12.00
# Visual Studio 15
VisualStudioVersion = 15.0.27703.2035
MinimumVisualStudioVersion = 10.0.40219.1
Project("{FAE04EC0-301F-11D3-BF4B-00C04F79EFBC}") = "Ruanmou.Project", "Ruanmou.Project\Ruanmou.Project.csproj", "{0EACC0AA-EF9A-40A0-8AB8-3CD814AB610F}"
EndProject
Project("{FAE04EC0-301F-11D3-BF4B-00C04F79EFBC}") = "Ruanmou.EF6.DBFirst", "Ruanmou.EF6.DBFirst\Ruanmou.EF6.DBFirst.csproj", "{34A5DB47-8B13-45AE-A6EE-7E7BEC314047}"
EndProject
Project("{FAE04EC0-301F-11D3-BF4B-00C04F79EFBC}") = "Ruanmou.EF6.CodeFirstFromDB", "Ruanmou.EF6.CodeFirstFromDB\Ruanmou.EF6.CodeFirstFromDB.csproj", "{3D733852-7564-403E-8492-7925E0B02B29}"
EndProject
Project("{FAE04EC0-301F-11D3-BF4B-00C04F79EFBC}") = "Ruanmou.EF6.CodeFirst", "Ruanmou.EF6.CodeFirst\Ruanmou.EF6.CodeFirst.csproj", "{F3B727D4-4E30-4C08-BA1F-3F27192B8EE1}"
EndProject
Project("{FAE04EC0-301F-11D3-BF4B-00C04F79EFBC}") = "Ruanmou.EF6. ModelFirst", "Ruanmou.EF6. ModelFirst\Ruanmou.EF6. ModelFirst.csproj", "{10FF913E-EE14-41FA-B40E-FFB07576887A}"
EndProject
Project("{2150E333-8FDC-42A3-9474-1A3956D46DE8}") = "EFTestProject", "EFTestProject", "{959C2BB3-5819-4879-A161-298C29EB10E6}"
EndProject
Project("{FAE04EC0-301F-11D3-BF4B-00C04F79EFBC}") = "Ruanmou.EF.Model", "Ruanmou.EF.Model\Ruanmou.EF.Model.csproj", "{9A4FDE9E-2922-40F0-8EB5-2D144821CDF9}"
EndProject
Project("{FAE04EC0-301F-11D3-BF4B-00C04F79EFBC}") = "Ruanmou.Bussiness.Service", "Ruanmou.Bussiness.Service\Ruanmou.Bussiness.Service.csproj", "{BAEA0B52-CD07-492F-AC72-C93C7BA43459}"
EndProject
Project("{FAE04EC0-301F-11D3-BF4B-00C04F79EFBC}") = "Ruanmou.Bussiness.Interface", "Ruanmou.Bussiness.Interface\Ruanmou.Bussiness.Interface.csproj", "{6E4AD5DA-84C0-4F80-8AA2-824343A65EE7}"
EndProject
Project("{2150E333-8FDC-42A3-9474-1A3956D46DE8}") = "Bussiness", "Bussiness", "{7B6CEB4C-8904-4D36-839E-BD5E78BD1107}"
EndProject
Project("{2150E333-8FDC-42A3-9474-1A3956D46DE8}") = "Client", "Client", "{B5D40775-1FD1-484A-A7F5-33C2B10C9784}"
EndProject
Project("{FAE04EC0-301F-11D3-BF4B-00C04F79EFBC}") = "Ruanmou.MVC5", "Ruanmou.MVC5\Ruanmou.MVC5.csproj", "{7D1E9949-29BD-4EC5-AE5D-9D9D319C9B7D}"
EndProject
Project("{FAE04EC0-301F-11D3-BF4B-00C04F79EFBC}") = "Ruanmou.MVC5.Plugins", "Ruanmou.MVC5.Plugins\Ruanmou.MVC5.Plugins.csproj", "{BDE8840A-5DEA-4771-BA9A-743ECBB90615}"
EndProject
Project("{2150E333-8FDC-42A3-9474-1A3956D46DE8}") = "Common", "Common", "{53E81B56-5BBF-473D-82F7-0187B76D70D9}"
EndProject
Project("{FAE04EC0-301F-11D3-BF4B-00C04F79EFBC}") = "Ruanmou.Framework", "Ruanmou.Framework\Ruanmou.Framework.csproj", "{F3D3FF1E-4242-402B-8E64-03B082A80E29}"
EndProject
Project("{FAE04EC0-301F-11D3-BF4B-00C04F79EFBC}") = "Ruanmou.Web.Core", "Ruanmou.Web.Core\Ruanmou.Web.Core.csproj", "{7B280E5F-ABA8-4AD5-A138-7B820FB10B3F}"
EndProject
Project("{FAE04EC0-301F-11D3-BF4B-00C04F79EFBC}") = "Ruanmou.Remote.Service", "Ruanmou.Remote.Service\Ruanmou.Remote.Service.csproj", "{A2F8DA5F-8584-49BD-BDFB-C886084B59C1}"
EndProject
Project("{FAE04EC0-301F-11D3-BF4B-00C04F79EFBC}") = "Ruanmou.Remote.Model", "Ruanmou.Remote.Model\Ruanmou.Remote.Model.csproj", "{4287F6D4-C1E4-46DD-A0FF-0B88C2286211}"
EndProject
Project("{FAE04EC0-301F-11D3-BF4B-00C04F79EFBC}") = "Ruanmou.Remote.Interface", "Ruanmou.Remote.Interface\Ruanmou.Remote.Interface.csproj", "{798E9A00-7E37-44A2-9E04-6394BF8AFE74}"
EndProject
Global
	GlobalSection(SolutionConfigurationPlatforms) = preSolution
		Debug|Any CPU = Debug|Any CPU
		Release|Any CPU = Release|Any CPU
	EndGlobalSection
	GlobalSection(ProjectConfigurationPlatforms) = postSolution
		{0EACC0AA-EF9A-40A0-8AB8-3CD814AB610F}.Debug|Any CPU.ActiveCfg = Debug|Any CPU
		{0EACC0AA-EF9A-40A0-8AB8-3CD814AB610F}.Debug|Any CPU.Build.0 = Debug|Any CPU
		{0EACC0AA-EF9A-40A0-8AB8-3CD814AB610F}.Release|Any CPU.ActiveCfg = Release|Any CPU
		{0EACC0AA-EF9A-40A0-8AB8-3CD814AB610F}.Release|Any CPU.Build.0 = Release|Any CPU
		{34A5DB47-8B13-45AE-A6EE-7E7BEC314047}.Debug|Any CPU.ActiveCfg = Debug|Any CPU
		{34A5DB47-8B13-45AE-A6EE-7E7BEC314047}.Debug|Any CPU.Build.0 = Debug|Any CPU
		{34A5DB47-8B13-45AE-A6EE-7E7BEC314047}.Release|Any CPU.ActiveCfg = Release|Any CPU
		{34A5DB47-8B13-45AE-A6EE-7E7BEC314047}.Release|Any CPU.Build.0 = Release|Any CPU
		{3D733852-7564-403E-8492-7925E0B02B29}.Debug|Any CPU.ActiveCfg = Debug|Any CPU
		{3D733852-7564-403E-8492-7925E0B02B29}.Debug|Any CPU.Build.0 = Debug|Any CPU
		{3D733852-7564-403E-8492-7925E0B02B29}.Release|Any CPU.ActiveCfg = Release|Any CPU
		{3D733852-7564-403E-8492-7925E0B02B29}.Release|Any CPU.Build.0 = Release|Any CPU
		{F3B727D4-4E30-4C08-BA1F-3F27192B8EE1}.Debug|Any CPU.ActiveCfg = Debug|Any CPU
		{F3B727D4-4E30-4C08-BA1F-3F27192B8EE1}.Debug|Any CPU.Build.0 = Debug|Any CPU
		{F3B727D4-4E30-4C08-BA1F-3F27192B8EE1}.Release|Any CPU.ActiveCfg = Release|Any CPU
		{F3B727D4-4E30-4C08-BA1F-3F27192B8EE1}.Release|Any CPU.Build.0 = Release|Any CPU
		{10FF913E-EE14-41FA-B40E-FFB07576887A}.Debug|Any CPU.ActiveCfg = Debug|Any CPU
		{10FF913E-EE14-41FA-B40E-FFB07576887A}.Debug|Any CPU.Build.0 = Debug|Any CPU
		{10FF913E-EE14-41FA-B40E-FFB07576887A}.Release|Any CPU.ActiveCfg = Release|Any CPU
		{10FF913E-EE14-41FA-B40E-FFB07576887A}.Release|Any CPU.Build.0 = Release|Any CPU
		{9A4FDE9E-2922-40F0-8EB5-2D144821CDF9}.Debug|Any CPU.ActiveCfg = Debug|Any CPU
		{9A4FDE9E-2922-40F0-8EB5-2D144821CDF9}.Debug|Any CPU.Build.0 = Debug|Any CPU
		{9A4FDE9E-2922-40F0-8EB5-2D144821CDF9}.Release|Any CPU.ActiveCfg = Release|Any CPU
		{9A4FDE9E-2922-40F0-8EB5-2D144821CDF9}.Release|Any CPU.Build.0 = Release|Any CPU
		{BAEA0B52-CD07-492F-AC72-C93C7BA43459}.Debug|Any CPU.ActiveCfg = Debug|Any CPU
		{BAEA0B52-CD07-492F-AC72-C93C7BA43459}.Debug|Any CPU.Build.0 = Debug|Any CPU
		{BAEA0B52-CD07-492F-AC72-C93C7BA43459}.Release|Any CPU.ActiveCfg = Release|Any CPU
		{BAEA0B52-CD07-492F-AC72-C93C7BA43459}.Release|Any CPU.Build.0 = Release|Any CPU
		{6E4AD5DA-84C0-4F80-8AA2-824343A65EE7}.Debug|Any CPU.ActiveCfg = Debug|Any CPU
		{6E4AD5DA-84C0-4F80-8AA2-824343A65EE7}.Debug|Any CPU.Build.0 = Debug|Any CPU
		{6E4AD5DA-84C0-4F80-8AA2-824343A65EE7}.Release|Any CPU.ActiveCfg = Release|Any CPU
		{6E4AD5DA-84C0-4F80-8AA2-824343A65EE7}.Release|Any CPU.Build.0 = Release|Any CPU
		{7D1E9949-29BD-4EC5-AE5D-9D9D319C9B7D}.Debug|Any CPU.ActiveCfg = Debug|Any CPU
		{7D1E9949-29BD-4EC5-AE5D-9D9D319C9B7D}.Debug|Any CPU.Build.0 = Debug|Any CPU
		{7D1E9949-29BD-4EC5-AE5D-9D9D319C9B7D}.Release|Any CPU.ActiveCfg = Release|Any CPU
		{7D1E9949-29BD-4EC5-AE5D-9D9D319C9B7D}.Release|Any CPU.Build.0 = Release|Any CPU
		{BDE8840A-5DEA-4771-BA9A-743ECBB90615}.Debug|Any CPU.ActiveCfg = Debug|Any CPU
		{BDE8840A-5DEA-4771-BA9A-743ECBB90615}.Debug|Any CPU.Build.0 = Debug|Any CPU
		{BDE8840A-5DEA-4771-BA9A-743ECBB90615}.Release|Any CPU.ActiveCfg = Release|Any CPU
		{BDE8840A-5DEA-4771-BA9A-743ECBB90615}.Release|Any CPU.Build.0 = Release|Any CPU
		{F3D3FF1E-4242-402B-8E64-03B082A80E29}.Debug|Any CPU.ActiveCfg = Debug|Any CPU
		{F3D3FF1E-4242-402B-8E64-03B082A80E29}.Debug|Any CPU.Build.0 = Debug|Any CPU
		{F3D3FF1E-4242-402B-8E64-03B082A80E29}.Release|Any CPU.ActiveCfg = Release|Any CPU
		{F3D3FF1E-4242-402B-8E64-03B082A80E29}.Release|Any CPU.Build.0 = Release|Any CPU
		{7B280E5F-ABA8-4AD5-A138-7B820FB10B3F}.Debug|Any CPU.ActiveCfg = Debug|Any CPU
		{7B280E5F-ABA8-4AD5-A138-7B820FB10B3F}.Debug|Any CPU.Build.0 = Debug|Any CPU
		{7B280E5F-ABA8-4AD5-A138-7B820FB10B3F}.Release|Any CPU.ActiveCfg = Release|Any CPU
		{7B280E5F-ABA8-4AD5-A138-7B820FB10B3F}.Release|Any CPU.Build.0 = Release|Any CPU
		{A2F8DA5F-8584-49BD-BDFB-C886084B59C1}.Debug|Any CPU.ActiveCfg = Debug|Any CPU
		{A2F8DA5F-8584-49BD-BDFB-C886084B59C1}.Debug|Any CPU.Build.0 = Debug|Any CPU
		{A2F8DA5F-8584-49BD-BDFB-C886084B59C1}.Release|Any CPU.ActiveCfg = Release|Any CPU
		{A2F8DA5F-8584-49BD-BDFB-C886084B59C1}.Release|Any CPU.Build.0 = Release|Any CPU
		{4287F6D4-C1E4-46DD-A0FF-0B88C2286211}.Debug|Any CPU.ActiveCfg = Debug|Any CPU
		{4287F6D4-C1E4-46DD-A0FF-0B88C2286211}.Debug|Any CPU.Build.0 = Debug|Any CPU
		{4287F6D4-C1E4-46DD-A0FF-0B88C2286211}.Release|Any CPU.ActiveCfg = Release|Any CPU
		{4287F6D4-C1E4-46DD-A0FF-0B88C2286211}.Release|Any CPU.Build.0 = Release|Any CPU
		{798E9A00-7E37-44A2-9E04-6394BF8AFE74}.Debug|Any CPU.ActiveCfg = Debug|Any CPU
		{798E9A00-7E37-44A2-9E04-6394BF8AFE74}.Debug|Any CPU.Build.0 = Debug|Any CPU
		{798E9A00-7E37-44A2-9E04-6394BF8AFE74}.Release|Any CPU.ActiveCfg = Release|Any CPU
		{798E9A00-7E37-44A2-9E04-6394BF8AFE74}.Release|Any CPU.Build.0 = Release|Any CPU
	EndGlobalSection
	GlobalSection(SolutionProperties) = preSolution
		HideSolutionNode = FALSE
	EndGlobalSection
	GlobalSection(NestedProjects) = preSolution
		{0EACC0AA-EF9A-40A0-8AB8-3CD814AB610F} = {B5D40775-1FD1-484A-A7F5-33C2B10C9784}
		{34A5DB47-8B13-45AE-A6EE-7E7BEC314047} = {959C2BB3-5819-4879-A161-298C29EB10E6}
		{3D733852-7564-403E-8492-7925E0B02B29} = {959C2BB3-5819-4879-A161-298C29EB10E6}
		{F3B727D4-4E30-4C08-BA1F-3F27192B8EE1} = {959C2BB3-5819-4879-A161-298C29EB10E6}
		{10FF913E-EE14-41FA-B40E-FFB07576887A} = {959C2BB3-5819-4879-A161-298C29EB10E6}
		{9A4FDE9E-2922-40F0-8EB5-2D144821CDF9} = {7B6CEB4C-8904-4D36-839E-BD5E78BD1107}
		{BAEA0B52-CD07-492F-AC72-C93C7BA43459} = {7B6CEB4C-8904-4D36-839E-BD5E78BD1107}
		{6E4AD5DA-84C0-4F80-8AA2-824343A65EE7} = {7B6CEB4C-8904-4D36-839E-BD5E78BD1107}
		{7D1E9949-29BD-4EC5-AE5D-9D9D319C9B7D} = {B5D40775-1FD1-484A-A7F5-33C2B10C9784}
		{BDE8840A-5DEA-4771-BA9A-743ECBB90615} = {B5D40775-1FD1-484A-A7F5-33C2B10C9784}
		{F3D3FF1E-4242-402B-8E64-03B082A80E29} = {53E81B56-5BBF-473D-82F7-0187B76D70D9}
		{7B280E5F-ABA8-4AD5-A138-7B820FB10B3F} = {53E81B56-5BBF-473D-82F7-0187B76D70D9}
		{A2F8DA5F-8584-49BD-BDFB-C886084B59C1} = {7B6CEB4C-8904-4D36-839E-BD5E78BD1107}
		{4287F6D4-C1E4-46DD-A0FF-0B88C2286211} = {7B6CEB4C-8904-4D36-839E-BD5E78BD1107}
		{798E9A00-7E37-44A2-9E04-6394BF8AFE74} = {7B6CEB4C-8904-4D36-839E-BD5E78BD1107}
	EndGlobalSection
	GlobalSection(ExtensibilityGlobals) = postSolution
		SolutionGuid = {A2E58609-8D8F-4241-A379-A70D94BC55F3}
	EndGlobalSection
EndGlobal
